
Microsoft Visual Studio Solution File, Format Version 12.00
# Visual Studio Version 16
VisualStudioVersion = 16.0.28922.388
MinimumVisualStudioVersion = 10.0.40219.1
Project("{FAE04EC0-301F-11D3-BF4B-00C04F79EFBC}") = "002_task1_Machine_Mathematics", "002_Machine_Mathematics\002_task1_Machine_Mathematics.csproj", "{20672EDA-13E8-4040-B54E-51F6498000BB}"
EndProject
Project("{9A19103F-16F7-4668-BE54-9A1E7A4F7556}") = "002_task2", "002_task2\002_task2.csproj", "{E5436FFD-F3B5-4D2A-9FC4-CC7F60B3D978}"
EndProject
Project("{9A19103F-16F7-4668-BE54-9A1E7A4F7556}") = "002_task3", "002_task3\002_task3.csproj", "{F35FBD27-4B0E-4C65-8D9A-073C9FE252B0}"
EndProject
Project("{9A19103F-16F7-4668-BE54-9A1E7A4F7556}") = "003_task1", "003_task1\003_task1.csproj", "{BF148C04-70AF-4FA4-BB71-89C30274CAE1}"
EndProject
Project("{9A19103F-16F7-4668-BE54-9A1E7A4F7556}") = "003_task2", "003_task2\003_task2.csproj", "{55980AA6-82B2-4254-AC61-74B643FB31EE}"
EndProject
Project("{9A19103F-16F7-4668-BE54-9A1E7A4F7556}") = "003_task3", "003_task3\003_task3.csproj", "{6FE0968D-01D1-4FC9-B8E7-04D412815735}"
EndProject
Project("{9A19103F-16F7-4668-BE54-9A1E7A4F7556}") = "003_task4", "003_task4\003_task4.csproj", "{A76CE1E1-A17B-430F-9308-26221D1F66D5}"
EndProject
Project("{9A19103F-16F7-4668-BE54-9A1E7A4F7556}") = "004_task0", "004_task0\004_task0.csproj", "{0F1AAC87-446F-48A6-86B0-D5964B31C522}"
EndProject
Project("{9A19103F-16F7-4668-BE54-9A1E7A4F7556}") = "004_task2", "004_task1\004_task2.csproj", "{2D372CD1-5C2D-4379-A8D4-8833B10ACDCD}"
EndProject
Project("{9A19103F-16F7-4668-BE54-9A1E7A4F7556}") = "004_task3", "004_task3\004_task3.csproj", "{37EC69FB-93E2-4AFE-9C18-A5E7B5445CA7}"
EndProject
Project("{9A19103F-16F7-4668-BE54-9A1E7A4F7556}") = "005_task_add1", "005_task_add1\005_task_add1.csproj", "{3228A924-2C75-475C-8199-05E7EA79A62B}"
EndProject
Project("{9A19103F-16F7-4668-BE54-9A1E7A4F7556}") = "005_task4", "005_task4\005_task4.csproj", "{3E12A70E-9B18-4229-BD7A-F19986ACAD92}"
EndProject
Project("{FAE04EC0-301F-11D3-BF4B-00C04F79EFBC}") = "006_task_add1", "006_add1\006_task_add1.csproj", "{DA0D5DB3-E670-487D-9858-F9CFF8D3A330}"
EndProject
Project("{FAE04EC0-301F-11D3-BF4B-00C04F79EFBC}") = "006_task2", "006_task2\006_task2.csproj", "{D24B9C4D-B3B3-4859-B8F3-93FA3C170248}"
EndProject
Project("{FAE04EC0-301F-11D3-BF4B-00C04F79EFBC}") = "006_task3", "006_task3\006_task3.csproj", "{13561478-4CE4-4F76-8620-9E2B63B55835}"
EndProject
Global
	GlobalSection(SolutionConfigurationPlatforms) = preSolution
		Debug|Any CPU = Debug|Any CPU
		Release|Any CPU = Release|Any CPU
	EndGlobalSection
	GlobalSection(ProjectConfigurationPlatforms) = postSolution
		{20672EDA-13E8-4040-B54E-51F6498000BB}.Debug|Any CPU.ActiveCfg = Debug|Any CPU
		{20672EDA-13E8-4040-B54E-51F6498000BB}.Debug|Any CPU.Build.0 = Debug|Any CPU
		{20672EDA-13E8-4040-B54E-51F6498000BB}.Release|Any CPU.ActiveCfg = Release|Any CPU
		{20672EDA-13E8-4040-B54E-51F6498000BB}.Release|Any CPU.Build.0 = Release|Any CPU
		{E5436FFD-F3B5-4D2A-9FC4-CC7F60B3D978}.Debug|Any CPU.ActiveCfg = Debug|Any CPU
		{E5436FFD-F3B5-4D2A-9FC4-CC7F60B3D978}.Debug|Any CPU.Build.0 = Debug|Any CPU
		{E5436FFD-F3B5-4D2A-9FC4-CC7F60B3D978}.Release|Any CPU.ActiveCfg = Release|Any CPU
		{E5436FFD-F3B5-4D2A-9FC4-CC7F60B3D978}.Release|Any CPU.Build.0 = Release|Any CPU
		{F35FBD27-4B0E-4C65-8D9A-073C9FE252B0}.Debug|Any CPU.ActiveCfg = Debug|Any CPU
		{F35FBD27-4B0E-4C65-8D9A-073C9FE252B0}.Debug|Any CPU.Build.0 = Debug|Any CPU
		{F35FBD27-4B0E-4C65-8D9A-073C9FE252B0}.Release|Any CPU.ActiveCfg = Release|Any CPU
		{F35FBD27-4B0E-4C65-8D9A-073C9FE252B0}.Release|Any CPU.Build.0 = Release|Any CPU
		{BF148C04-70AF-4FA4-BB71-89C30274CAE1}.Debug|Any CPU.ActiveCfg = Debug|Any CPU
		{BF148C04-70AF-4FA4-BB71-89C30274CAE1}.Debug|Any CPU.Build.0 = Debug|Any CPU
		{BF148C04-70AF-4FA4-BB71-89C30274CAE1}.Release|Any CPU.ActiveCfg = Release|Any CPU
		{BF148C04-70AF-4FA4-BB71-89C30274CAE1}.Release|Any CPU.Build.0 = Release|Any CPU
		{55980AA6-82B2-4254-AC61-74B643FB31EE}.Debug|Any CPU.ActiveCfg = Debug|Any CPU
		{55980AA6-82B2-4254-AC61-74B643FB31EE}.Debug|Any CPU.Build.0 = Debug|Any CPU
		{55980AA6-82B2-4254-AC61-74B643FB31EE}.Release|Any CPU.ActiveCfg = Release|Any CPU
		{55980AA6-82B2-4254-AC61-74B643FB31EE}.Release|Any CPU.Build.0 = Release|Any CPU
		{6FE0968D-01D1-4FC9-B8E7-04D412815735}.Debug|Any CPU.ActiveCfg = Debug|Any CPU
		{6FE0968D-01D1-4FC9-B8E7-04D412815735}.Debug|Any CPU.Build.0 = Debug|Any CPU
		{6FE0968D-01D1-4FC9-B8E7-04D412815735}.Release|Any CPU.ActiveCfg = Release|Any CPU
		{6FE0968D-01D1-4FC9-B8E7-04D412815735}.Release|Any CPU.Build.0 = Release|Any CPU
		{A76CE1E1-A17B-430F-9308-26221D1F66D5}.Debug|Any CPU.ActiveCfg = Debug|Any CPU
		{A76CE1E1-A17B-430F-9308-26221D1F66D5}.Debug|Any CPU.Build.0 = Debug|Any CPU
		{A76CE1E1-A17B-430F-9308-26221D1F66D5}.Release|Any CPU.ActiveCfg = Release|Any CPU
		{A76CE1E1-A17B-430F-9308-26221D1F66D5}.Release|Any CPU.Build.0 = Release|Any CPU
		{0F1AAC87-446F-48A6-86B0-D5964B31C522}.Debug|Any CPU.ActiveCfg = Debug|Any CPU
		{0F1AAC87-446F-48A6-86B0-D5964B31C522}.Debug|Any CPU.Build.0 = Debug|Any CPU
		{0F1AAC87-446F-48A6-86B0-D5964B31C522}.Release|Any CPU.ActiveCfg = Release|Any CPU
		{0F1AAC87-446F-48A6-86B0-D5964B31C522}.Release|Any CPU.Build.0 = Release|Any CPU
		{2D372CD1-5C2D-4379-A8D4-8833B10ACDCD}.Debug|Any CPU.ActiveCfg = Debug|Any CPU
		{2D372CD1-5C2D-4379-A8D4-8833B10ACDCD}.Debug|Any CPU.Build.0 = Debug|Any CPU
		{2D372CD1-5C2D-4379-A8D4-8833B10ACDCD}.Release|Any CPU.ActiveCfg = Release|Any CPU
		{2D372CD1-5C2D-4379-A8D4-8833B10ACDCD}.Release|Any CPU.Build.0 = Release|Any CPU
		{37EC69FB-93E2-4AFE-9C18-A5E7B5445CA7}.Debug|Any CPU.ActiveCfg = Debug|Any CPU
		{37EC69FB-93E2-4AFE-9C18-A5E7B5445CA7}.Debug|Any CPU.Build.0 = Debug|Any CPU
		{37EC69FB-93E2-4AFE-9C18-A5E7B5445CA7}.Release|Any CPU.ActiveCfg = Release|Any CPU
		{37EC69FB-93E2-4AFE-9C18-A5E7B5445CA7}.Release|Any CPU.Build.0 = Release|Any CPU
		{3228A924-2C75-475C-8199-05E7EA79A62B}.Debug|Any CPU.ActiveCfg = Debug|Any CPU
		{3228A924-2C75-475C-8199-05E7EA79A62B}.Debug|Any CPU.Build.0 = Debug|Any CPU
		{3228A924-2C75-475C-8199-05E7EA79A62B}.Release|Any CPU.ActiveCfg = Release|Any CPU
		{3228A924-2C75-475C-8199-05E7EA79A62B}.Release|Any CPU.Build.0 = Release|Any CPU
		{3E12A70E-9B18-4229-BD7A-F19986ACAD92}.Debug|Any CPU.ActiveCfg = Debug|Any CPU
		{3E12A70E-9B18-4229-BD7A-F19986ACAD92}.Debug|Any CPU.Build.0 = Debug|Any CPU
		{3E12A70E-9B18-4229-BD7A-F19986ACAD92}.Release|Any CPU.ActiveCfg = Release|Any CPU
		{3E12A70E-9B18-4229-BD7A-F19986ACAD92}.Release|Any CPU.Build.0 = Release|Any CPU
		{DA0D5DB3-E670-487D-9858-F9CFF8D3A330}.Debug|Any CPU.ActiveCfg = Debug|Any CPU
		{DA0D5DB3-E670-487D-9858-F9CFF8D3A330}.Debug|Any CPU.Build.0 = Debug|Any CPU
		{DA0D5DB3-E670-487D-9858-F9CFF8D3A330}.Release|Any CPU.ActiveCfg = Release|Any CPU
		{DA0D5DB3-E670-487D-9858-F9CFF8D3A330}.Release|Any CPU.Build.0 = Release|Any CPU
		{D24B9C4D-B3B3-4859-B8F3-93FA3C170248}.Debug|Any CPU.ActiveCfg = Debug|Any CPU
		{D24B9C4D-B3B3-4859-B8F3-93FA3C170248}.Debug|Any CPU.Build.0 = Debug|Any CPU
		{D24B9C4D-B3B3-4859-B8F3-93FA3C170248}.Release|Any CPU.ActiveCfg = Release|Any CPU
		{D24B9C4D-B3B3-4859-B8F3-93FA3C170248}.Release|Any CPU.Build.0 = Release|Any CPU
		{13561478-4CE4-4F76-8620-9E2B63B55835}.Debug|Any CPU.ActiveCfg = Debug|Any CPU
		{13561478-4CE4-4F76-8620-9E2B63B55835}.Debug|Any CPU.Build.0 = Debug|Any CPU
		{13561478-4CE4-4F76-8620-9E2B63B55835}.Release|Any CPU.ActiveCfg = Release|Any CPU
		{13561478-4CE4-4F76-8620-9E2B63B55835}.Release|Any CPU.Build.0 = Release|Any CPU
	EndGlobalSection
	GlobalSection(SolutionProperties) = preSolution
		HideSolutionNode = FALSE
	EndGlobalSection
	GlobalSection(ExtensibilityGlobals) = postSolution
		SolutionGuid = {8E8FA9AF-9650-4E42-9953-03728F9A8E56}
	EndGlobalSection
EndGlobal
